{
  "version": 4,
  "terraform_version": "1.13.5",
  "serial": 7,
  "lineage": "4d14584a-9294-93d3-6882-cff54dcaabb9",
  "outputs": {
    "control_plane_ip": {
      "value": "10.4.16.191",
      "type": "string"
    },
    "worker_ips": {
      "value": [
        "10.4.16.92",
        "10.4.16.82"
      ],
      "type": [
        "tuple",
        [
          "string",
          "string"
        ]
      ]
    }
  },
  "resources": [
    {
      "mode": "managed",
      "type": "openstack_compute_instance_v2",
      "name": "cp",
      "provider": "provider[\"registry.terraform.io/terraform-provider-openstack/openstack\"]",
      "instances": [
        {
          "schema_version": 0,
          "attributes": {
            "access_ip_v4": "10.4.16.191",
            "access_ip_v6": "",
            "admin_pass": null,
            "all_metadata": {},
            "all_tags": [],
            "availability_zone": "yondu-zone",
            "availability_zone_hints": null,
            "block_device": [],
            "config_drive": null,
            "created": "2025-11-13 09:17:26 +0000 UTC",
            "flavor_id": "1608c43b-3dd7-4bd4-bb17-7e0c6e2b6a96",
            "flavor_name": "C2_R4_D30",
            "floating_ip": null,
            "force_delete": false,
            "id": "a113e2b9-5ce7-4ee7-8fcd-25376ca54811",
            "image_id": "fc00720e-6e2a-4d1f-bc11-d50b7271a17d",
            "image_name": "ubuntu22.04",
            "key_pair": "kubeone-keypair",
            "metadata": null,
            "name": "cluster-d-cp",
            "network": [
              {
                "access_network": false,
                "fixed_ip_v4": "10.4.16.191",
                "fixed_ip_v6": "",
                "floating_ip": "",
                "mac": "fa:16:3e:d1:56:03",
                "name": "control-provider",
                "port": "",
                "uuid": "f861a33e-1612-4e96-879d-a321c135cac8"
              }
            ],
            "network_mode": null,
            "personality": [],
            "power_state": "active",
            "region": "RegionOne",
            "scheduler_hints": [],
            "security_groups": [
              "cluster-d-allow-all"
            ],
            "stop_before_destroy": false,
            "tags": null,
            "timeouts": null,
            "updated": "2025-11-13 09:17:42 +0000 UTC",
            "user_data": null,
            "vendor_options": [],
            "volume": []
          },
          "sensitive_attributes": [
            [
              {
                "type": "get_attr",
                "value": "admin_pass"
              }
            ]
          ],
          "identity_schema_version": 0,
          "private": "eyJlMmJmYjczMC1lY2FhLTExZTYtOGY4OC0zNDM2M2JjN2M0YzAiOnsiY3JlYXRlIjoxODAwMDAwMDAwMDAwLCJkZWxldGUiOjE4MDAwMDAwMDAwMDAsInVwZGF0ZSI6MTgwMDAwMDAwMDAwMH19",
          "dependencies": [
            "openstack_networking_secgroup_v2.k8s_allow_all"
          ]
        }
      ]
    },
    {
      "mode": "managed",
      "type": "openstack_compute_instance_v2",
      "name": "worker",
      "provider": "provider[\"registry.terraform.io/terraform-provider-openstack/openstack\"]",
      "instances": [
        {
          "index_key": 0,
          "schema_version": 0,
          "attributes": {
            "access_ip_v4": "10.4.16.92",
            "access_ip_v6": "",
            "admin_pass": null,
            "all_metadata": {},
            "all_tags": [],
            "availability_zone": "yondu-zone",
            "availability_zone_hints": null,
            "block_device": [],
            "config_drive": null,
            "created": "2025-11-13 09:17:26 +0000 UTC",
            "flavor_id": "1608c43b-3dd7-4bd4-bb17-7e0c6e2b6a96",
            "flavor_name": "C2_R4_D30",
            "floating_ip": null,
            "force_delete": false,
            "id": "53920b67-79ed-4035-a1d1-e0c8a50bd589",
            "image_id": "fc00720e-6e2a-4d1f-bc11-d50b7271a17d",
            "image_name": "ubuntu22.04",
            "key_pair": "kubeone-keypair",
            "metadata": null,
            "name": "cluster-d-worker-1",
            "network": [
              {
                "access_network": false,
                "fixed_ip_v4": "10.4.16.92",
                "fixed_ip_v6": "",
                "floating_ip": "",
                "mac": "fa:16:3e:95:7b:f4",
                "name": "control-provider",
                "port": "",
                "uuid": "f861a33e-1612-4e96-879d-a321c135cac8"
              }
            ],
            "network_mode": null,
            "personality": [],
            "power_state": "active",
            "region": "RegionOne",
            "scheduler_hints": [],
            "security_groups": [
              "cluster-d-allow-all"
            ],
            "stop_before_destroy": false,
            "tags": null,
            "timeouts": null,
            "updated": "2025-11-13 09:17:46 +0000 UTC",
            "user_data": null,
            "vendor_options": [],
            "volume": []
          },
          "sensitive_attributes": [
            [
              {
                "type": "get_attr",
                "value": "admin_pass"
              }
            ]
          ],
          "identity_schema_version": 0,
          "private": "eyJlMmJmYjczMC1lY2FhLTExZTYtOGY4OC0zNDM2M2JjN2M0YzAiOnsiY3JlYXRlIjoxODAwMDAwMDAwMDAwLCJkZWxldGUiOjE4MDAwMDAwMDAwMDAsInVwZGF0ZSI6MTgwMDAwMDAwMDAwMH19",
          "dependencies": [
            "openstack_networking_secgroup_v2.k8s_allow_all"
          ]
        },
        {
          "index_key": 1,
          "schema_version": 0,
          "attributes": {
            "access_ip_v4": "10.4.16.82",
            "access_ip_v6": "",
            "admin_pass": null,
            "all_metadata": {},
            "all_tags": [],
            "availability_zone": "yondu-zone",
            "availability_zone_hints": null,
            "block_device": [],
            "config_drive": null,
            "created": "2025-11-13 09:17:27 +0000 UTC",
            "flavor_id": "1608c43b-3dd7-4bd4-bb17-7e0c6e2b6a96",
            "flavor_name": "C2_R4_D30",
            "floating_ip": null,
            "force_delete": false,
            "id": "3d985300-e1f6-49e1-b153-841c28c733fb",
            "image_id": "fc00720e-6e2a-4d1f-bc11-d50b7271a17d",
            "image_name": "ubuntu22.04",
            "key_pair": "kubeone-keypair",
            "metadata": null,
            "name": "cluster-d-worker-2",
            "network": [
              {
                "access_network": false,
                "fixed_ip_v4": "10.4.16.82",
                "fixed_ip_v6": "",
                "floating_ip": "",
                "mac": "fa:16:3e:c1:37:eb",
                "name": "control-provider",
                "port": "",
                "uuid": "f861a33e-1612-4e96-879d-a321c135cac8"
              }
            ],
            "network_mode": null,
            "personality": [],
            "power_state": "active",
            "region": "RegionOne",
            "scheduler_hints": [],
            "security_groups": [
              "cluster-d-allow-all"
            ],
            "stop_before_destroy": false,
            "tags": null,
            "timeouts": null,
            "updated": "2025-11-13 09:17:45 +0000 UTC",
            "user_data": null,
            "vendor_options": [],
            "volume": []
          },
          "sensitive_attributes": [
            [
              {
                "type": "get_attr",
                "value": "admin_pass"
              }
            ]
          ],
          "identity_schema_version": 0,
          "private": "eyJlMmJmYjczMC1lY2FhLTExZTYtOGY4OC0zNDM2M2JjN2M0YzAiOnsiY3JlYXRlIjoxODAwMDAwMDAwMDAwLCJkZWxldGUiOjE4MDAwMDAwMDAwMDAsInVwZGF0ZSI6MTgwMDAwMDAwMDAwMH19",
          "dependencies": [
            "openstack_networking_secgroup_v2.k8s_allow_all"
          ]
        }
      ]
    },
    {
      "mode": "managed",
      "type": "openstack_networking_secgroup_rule_v2",
      "name": "allow_all_ingress_v4",
      "provider": "provider[\"registry.terraform.io/terraform-provider-openstack/openstack\"]",
      "instances": [
        {
          "schema_version": 0,
          "attributes": {
            "description": "",
            "direction": "ingress",
            "ethertype": "IPv4",
            "id": "2502ced2-96f5-475b-b2c1-fd52182ff997",
            "port_range_max": 0,
            "port_range_min": 0,
            "protocol": "",
            "region": "RegionOne",
            "remote_group_id": "",
            "remote_ip_prefix": "0.0.0.0/0",
            "security_group_id": "d9cfeb55-52a4-4556-a322-44872f05ed31",
            "tenant_id": "ff3d68b2864d4b8cb72ad021f507df0b",
            "timeouts": null
          },
          "sensitive_attributes": [],
          "identity_schema_version": 0,
          "private": "eyJlMmJmYjczMC1lY2FhLTExZTYtOGY4OC0zNDM2M2JjN2M0YzAiOnsiZGVsZXRlIjo2MDAwMDAwMDAwMDB9fQ==",
          "dependencies": [
            "openstack_networking_secgroup_v2.k8s_allow_all"
          ]
        }
      ]
    },
    {
      "mode": "managed",
      "type": "openstack_networking_secgroup_rule_v2",
      "name": "allow_all_ingress_v6",
      "provider": "provider[\"registry.terraform.io/terraform-provider-openstack/openstack\"]",
      "instances": [
        {
          "schema_version": 0,
          "attributes": {
            "description": "",
            "direction": "ingress",
            "ethertype": "IPv6",
            "id": "01643f9d-1cc4-4e36-afae-324a3d28bf64",
            "port_range_max": 0,
            "port_range_min": 0,
            "protocol": "",
            "region": "RegionOne",
            "remote_group_id": "",
            "remote_ip_prefix": "::/0",
            "security_group_id": "d9cfeb55-52a4-4556-a322-44872f05ed31",
            "tenant_id": "ff3d68b2864d4b8cb72ad021f507df0b",
            "timeouts": null
          },
          "sensitive_attributes": [],
          "identity_schema_version": 0,
          "private": "eyJlMmJmYjczMC1lY2FhLTExZTYtOGY4OC0zNDM2M2JjN2M0YzAiOnsiZGVsZXRlIjo2MDAwMDAwMDAwMDB9fQ==",
          "dependencies": [
            "openstack_networking_secgroup_v2.k8s_allow_all"
          ]
        }
      ]
    },
    {
      "mode": "managed",
      "type": "openstack_networking_secgroup_v2",
      "name": "k8s_allow_all",
      "provider": "provider[\"registry.terraform.io/terraform-provider-openstack/openstack\"]",
      "instances": [
        {
          "schema_version": 0,
          "attributes": {
            "all_tags": [],
            "delete_default_rules": null,
            "description": "Security group (temporary): allow all traffic",
            "id": "d9cfeb55-52a4-4556-a322-44872f05ed31",
            "name": "cluster-d-allow-all",
            "region": "RegionOne",
            "tags": null,
            "tenant_id": "ff3d68b2864d4b8cb72ad021f507df0b",
            "timeouts": null
          },
          "sensitive_attributes": [],
          "identity_schema_version": 0,
          "private": "eyJlMmJmYjczMC1lY2FhLTExZTYtOGY4OC0zNDM2M2JjN2M0YzAiOnsiZGVsZXRlIjo2MDAwMDAwMDAwMDB9fQ=="
        }
      ]
    }
  ],
  "check_results": null
}
