{
  "version": 4,
  "terraform_version": "1.13.5",
  "serial": 35,
  "lineage": "860d5e08-d617-bab1-f82d-205f1b137c63",
  "outputs": {
    "control_plane_ip": {
      "value": "10.4.16.117",
      "type": "string"
    },
    "worker_ips": {
      "value": [
        "10.4.16.172",
        "10.4.16.177"
      ],
      "type": [
        "tuple",
        [
          "string",
          "string"
        ]
      ]
    }
  },
  "resources": [
    {
      "mode": "managed",
      "type": "openstack_compute_instance_v2",
      "name": "cp",
      "provider": "provider[\"registry.terraform.io/terraform-provider-openstack/openstack\"]",
      "instances": [
        {
          "schema_version": 0,
          "attributes": {
            "access_ip_v4": "10.4.16.117",
            "access_ip_v6": "",
            "admin_pass": null,
            "all_metadata": {},
            "all_tags": [],
            "availability_zone": "nebula-zone",
            "availability_zone_hints": null,
            "block_device": [],
            "config_drive": null,
            "created": "2025-11-13 12:53:02 +0000 UTC",
            "flavor_id": "1608c43b-3dd7-4bd4-bb17-7e0c6e2b6a96",
            "flavor_name": "C2_R4_D30",
            "floating_ip": null,
            "force_delete": false,
            "id": "ba1a6d10-3289-41fb-b3a8-ada22588f359",
            "image_id": "fc00720e-6e2a-4d1f-bc11-d50b7271a17d",
            "image_name": "ubuntu22.04",
            "key_pair": "kubeone-keypair",
            "metadata": null,
            "name": "cluster-e-cp",
            "network": [
              {
                "access_network": false,
                "fixed_ip_v4": "10.4.16.117",
                "fixed_ip_v6": "",
                "floating_ip": "",
                "mac": "fa:16:3e:73:71:0a",
                "name": "control-provider",
                "port": "",
                "uuid": "f861a33e-1612-4e96-879d-a321c135cac8"
              }
            ],
            "network_mode": null,
            "personality": [],
            "power_state": "active",
            "region": "RegionOne",
            "scheduler_hints": [],
            "security_groups": [
              "cluster-e-allow-all"
            ],
            "stop_before_destroy": false,
            "tags": null,
            "timeouts": null,
            "updated": "2025-11-13 12:53:20 +0000 UTC",
            "user_data": null,
            "vendor_options": [],
            "volume": []
          },
          "sensitive_attributes": [
            [
              {
                "type": "get_attr",
                "value": "admin_pass"
              }
            ]
          ],
          "identity_schema_version": 0,
          "private": "eyJlMmJmYjczMC1lY2FhLTExZTYtOGY4OC0zNDM2M2JjN2M0YzAiOnsiY3JlYXRlIjoxODAwMDAwMDAwMDAwLCJkZWxldGUiOjE4MDAwMDAwMDAwMDAsInVwZGF0ZSI6MTgwMDAwMDAwMDAwMH19",
          "dependencies": [
            "openstack_networking_secgroup_v2.k8s_allow_all"
          ]
        }
      ]
    },
    {
      "mode": "managed",
      "type": "openstack_compute_instance_v2",
      "name": "worker",
      "provider": "provider[\"registry.terraform.io/terraform-provider-openstack/openstack\"]",
      "instances": [
        {
          "index_key": 0,
          "schema_version": 0,
          "attributes": {
            "access_ip_v4": "10.4.16.172",
            "access_ip_v6": "",
            "admin_pass": null,
            "all_metadata": {},
            "all_tags": [],
            "availability_zone": "nebula-zone",
            "availability_zone_hints": null,
            "block_device": [],
            "config_drive": null,
            "created": "2025-11-13 12:53:03 +0000 UTC",
            "flavor_id": "1608c43b-3dd7-4bd4-bb17-7e0c6e2b6a96",
            "flavor_name": "C2_R4_D30",
            "floating_ip": null,
            "force_delete": false,
            "id": "15b10cfa-6807-4317-99e9-b4be797bcc5a",
            "image_id": "fc00720e-6e2a-4d1f-bc11-d50b7271a17d",
            "image_name": "ubuntu22.04",
            "key_pair": "kubeone-keypair",
            "metadata": null,
            "name": "cluster-e-worker-1",
            "network": [
              {
                "access_network": false,
                "fixed_ip_v4": "10.4.16.172",
                "fixed_ip_v6": "",
                "floating_ip": "",
                "mac": "fa:16:3e:0f:a6:44",
                "name": "control-provider",
                "port": "",
                "uuid": "f861a33e-1612-4e96-879d-a321c135cac8"
              }
            ],
            "network_mode": null,
            "personality": [],
            "power_state": "active",
            "region": "RegionOne",
            "scheduler_hints": [],
            "security_groups": [
              "cluster-e-allow-all"
            ],
            "stop_before_destroy": false,
            "tags": null,
            "timeouts": null,
            "updated": "2025-11-13 12:53:18 +0000 UTC",
            "user_data": null,
            "vendor_options": [],
            "volume": []
          },
          "sensitive_attributes": [
            [
              {
                "type": "get_attr",
                "value": "admin_pass"
              }
            ]
          ],
          "identity_schema_version": 0,
          "private": "eyJlMmJmYjczMC1lY2FhLTExZTYtOGY4OC0zNDM2M2JjN2M0YzAiOnsiY3JlYXRlIjoxODAwMDAwMDAwMDAwLCJkZWxldGUiOjE4MDAwMDAwMDAwMDAsInVwZGF0ZSI6MTgwMDAwMDAwMDAwMH19",
          "dependencies": [
            "openstack_networking_secgroup_v2.k8s_allow_all"
          ]
        },
        {
          "index_key": 1,
          "schema_version": 0,
          "attributes": {
            "access_ip_v4": "10.4.16.177",
            "access_ip_v6": "",
            "admin_pass": null,
            "all_metadata": {},
            "all_tags": [],
            "availability_zone": "nebula-zone",
            "availability_zone_hints": null,
            "block_device": [],
            "config_drive": null,
            "created": "2025-11-13 12:53:02 +0000 UTC",
            "flavor_id": "1608c43b-3dd7-4bd4-bb17-7e0c6e2b6a96",
            "flavor_name": "C2_R4_D30",
            "floating_ip": null,
            "force_delete": false,
            "id": "54493f0c-1763-4da3-a6ad-cc888c2486ca",
            "image_id": "fc00720e-6e2a-4d1f-bc11-d50b7271a17d",
            "image_name": "ubuntu22.04",
            "key_pair": "kubeone-keypair",
            "metadata": null,
            "name": "cluster-e-worker-2",
            "network": [
              {
                "access_network": false,
                "fixed_ip_v4": "10.4.16.177",
                "fixed_ip_v6": "",
                "floating_ip": "",
                "mac": "fa:16:3e:43:76:f6",
                "name": "control-provider",
                "port": "",
                "uuid": "f861a33e-1612-4e96-879d-a321c135cac8"
              }
            ],
            "network_mode": null,
            "personality": [],
            "power_state": "active",
            "region": "RegionOne",
            "scheduler_hints": [],
            "security_groups": [
              "cluster-e-allow-all"
            ],
            "stop_before_destroy": false,
            "tags": null,
            "timeouts": null,
            "updated": "2025-11-13 12:53:17 +0000 UTC",
            "user_data": null,
            "vendor_options": [],
            "volume": []
          },
          "sensitive_attributes": [
            [
              {
                "type": "get_attr",
                "value": "admin_pass"
              }
            ]
          ],
          "identity_schema_version": 0,
          "private": "eyJlMmJmYjczMC1lY2FhLTExZTYtOGY4OC0zNDM2M2JjN2M0YzAiOnsiY3JlYXRlIjoxODAwMDAwMDAwMDAwLCJkZWxldGUiOjE4MDAwMDAwMDAwMDAsInVwZGF0ZSI6MTgwMDAwMDAwMDAwMH19",
          "dependencies": [
            "openstack_networking_secgroup_v2.k8s_allow_all"
          ]
        }
      ]
    },
    {
      "mode": "managed",
      "type": "openstack_networking_secgroup_rule_v2",
      "name": "allow_all_ingress_v4",
      "provider": "provider[\"registry.terraform.io/terraform-provider-openstack/openstack\"]",
      "instances": [
        {
          "schema_version": 0,
          "attributes": {
            "description": "",
            "direction": "ingress",
            "ethertype": "IPv4",
            "id": "54511d79-dc18-4da4-89ff-0f20543589d1",
            "port_range_max": 0,
            "port_range_min": 0,
            "protocol": "",
            "region": "RegionOne",
            "remote_group_id": "",
            "remote_ip_prefix": "0.0.0.0/0",
            "security_group_id": "8fb85ec6-b64b-4877-bd62-4a58717d702a",
            "tenant_id": "ff3d68b2864d4b8cb72ad021f507df0b",
            "timeouts": null
          },
          "sensitive_attributes": [],
          "identity_schema_version": 0,
          "private": "eyJlMmJmYjczMC1lY2FhLTExZTYtOGY4OC0zNDM2M2JjN2M0YzAiOnsiZGVsZXRlIjo2MDAwMDAwMDAwMDB9fQ==",
          "dependencies": [
            "openstack_networking_secgroup_v2.k8s_allow_all"
          ]
        }
      ]
    },
    {
      "mode": "managed",
      "type": "openstack_networking_secgroup_rule_v2",
      "name": "allow_all_ingress_v6",
      "provider": "provider[\"registry.terraform.io/terraform-provider-openstack/openstack\"]",
      "instances": [
        {
          "schema_version": 0,
          "attributes": {
            "description": "",
            "direction": "ingress",
            "ethertype": "IPv6",
            "id": "6a60f46e-dc6b-421f-b302-ebd39c530491",
            "port_range_max": 0,
            "port_range_min": 0,
            "protocol": "",
            "region": "RegionOne",
            "remote_group_id": "",
            "remote_ip_prefix": "::/0",
            "security_group_id": "8fb85ec6-b64b-4877-bd62-4a58717d702a",
            "tenant_id": "ff3d68b2864d4b8cb72ad021f507df0b",
            "timeouts": null
          },
          "sensitive_attributes": [],
          "identity_schema_version": 0,
          "private": "eyJlMmJmYjczMC1lY2FhLTExZTYtOGY4OC0zNDM2M2JjN2M0YzAiOnsiZGVsZXRlIjo2MDAwMDAwMDAwMDB9fQ==",
          "dependencies": [
            "openstack_networking_secgroup_v2.k8s_allow_all"
          ]
        }
      ]
    },
    {
      "mode": "managed",
      "type": "openstack_networking_secgroup_v2",
      "name": "k8s_allow_all",
      "provider": "provider[\"registry.terraform.io/terraform-provider-openstack/openstack\"]",
      "instances": [
        {
          "schema_version": 0,
          "attributes": {
            "all_tags": [],
            "delete_default_rules": null,
            "description": "Security group (temporary): allow all traffic",
            "id": "8fb85ec6-b64b-4877-bd62-4a58717d702a",
            "name": "cluster-e-allow-all",
            "region": "RegionOne",
            "tags": null,
            "tenant_id": "ff3d68b2864d4b8cb72ad021f507df0b",
            "timeouts": null
          },
          "sensitive_attributes": [],
          "identity_schema_version": 0,
          "private": "eyJlMmJmYjczMC1lY2FhLTExZTYtOGY4OC0zNDM2M2JjN2M0YzAiOnsiZGVsZXRlIjo2MDAwMDAwMDAwMDB9fQ=="
        }
      ]
    }
  ],
  "check_results": null
}
