{
  "version": 4,
  "terraform_version": "1.13.5",
  "serial": 7,
  "lineage": "8a1ea45c-ba35-56de-92e5-b714b08028ce",
  "outputs": {
    "control_plane_ip": {
      "value": "10.4.16.111",
      "type": "string"
    },
    "worker_ips": {
      "value": [
        "10.4.16.92",
        "10.4.16.150"
      ],
      "type": [
        "tuple",
        [
          "string",
          "string"
        ]
      ]
    }
  },
  "resources": [
    {
      "mode": "managed",
      "type": "openstack_compute_instance_v2",
      "name": "cp",
      "provider": "provider[\"registry.terraform.io/terraform-provider-openstack/openstack\"]",
      "instances": [
        {
          "schema_version": 0,
          "attributes": {
            "access_ip_v4": "10.4.16.111",
            "access_ip_v6": "",
            "admin_pass": null,
            "all_metadata": {},
            "all_tags": [],
            "availability_zone": "yondu-zone",
            "availability_zone_hints": null,
            "block_device": [],
            "config_drive": null,
            "created": "2025-11-12 15:46:25 +0000 UTC",
            "flavor_id": "1608c43b-3dd7-4bd4-bb17-7e0c6e2b6a96",
            "flavor_name": "C2_R4_D30",
            "floating_ip": null,
            "force_delete": false,
            "id": "ae333be7-c9fa-49ae-9d17-63820e9be9af",
            "image_id": "fc00720e-6e2a-4d1f-bc11-d50b7271a17d",
            "image_name": "ubuntu22.04",
            "key_pair": "kubeone-keypair",
            "metadata": null,
            "name": "cluster-c-cp",
            "network": [
              {
                "access_network": false,
                "fixed_ip_v4": "10.4.16.111",
                "fixed_ip_v6": "",
                "floating_ip": "",
                "mac": "fa:16:3e:14:6e:c8",
                "name": "control-provider",
                "port": "",
                "uuid": "f861a33e-1612-4e96-879d-a321c135cac8"
              }
            ],
            "network_mode": null,
            "personality": [],
            "power_state": "active",
            "region": "RegionOne",
            "scheduler_hints": [],
            "security_groups": [
              "cluster-c-allow-all"
            ],
            "stop_before_destroy": false,
            "tags": null,
            "timeouts": null,
            "updated": "2025-11-12 15:46:41 +0000 UTC",
            "user_data": null,
            "vendor_options": [],
            "volume": []
          },
          "sensitive_attributes": [
            [
              {
                "type": "get_attr",
                "value": "admin_pass"
              }
            ]
          ],
          "identity_schema_version": 0,
          "private": "eyJlMmJmYjczMC1lY2FhLTExZTYtOGY4OC0zNDM2M2JjN2M0YzAiOnsiY3JlYXRlIjoxODAwMDAwMDAwMDAwLCJkZWxldGUiOjE4MDAwMDAwMDAwMDAsInVwZGF0ZSI6MTgwMDAwMDAwMDAwMH19",
          "dependencies": [
            "openstack_networking_secgroup_v2.k8s_allow_all"
          ]
        }
      ]
    },
    {
      "mode": "managed",
      "type": "openstack_compute_instance_v2",
      "name": "worker",
      "provider": "provider[\"registry.terraform.io/terraform-provider-openstack/openstack\"]",
      "instances": [
        {
          "index_key": 0,
          "schema_version": 0,
          "attributes": {
            "access_ip_v4": "10.4.16.92",
            "access_ip_v6": "",
            "admin_pass": null,
            "all_metadata": {},
            "all_tags": [],
            "availability_zone": "yondu-zone",
            "availability_zone_hints": null,
            "block_device": [],
            "config_drive": null,
            "created": "2025-11-12 15:46:25 +0000 UTC",
            "flavor_id": "1608c43b-3dd7-4bd4-bb17-7e0c6e2b6a96",
            "flavor_name": "C2_R4_D30",
            "floating_ip": null,
            "force_delete": false,
            "id": "2844edcb-d8f5-44df-b23e-d0b1a66b6d36",
            "image_id": "fc00720e-6e2a-4d1f-bc11-d50b7271a17d",
            "image_name": "ubuntu22.04",
            "key_pair": "kubeone-keypair",
            "metadata": null,
            "name": "cluster-c-worker-1",
            "network": [
              {
                "access_network": false,
                "fixed_ip_v4": "10.4.16.92",
                "fixed_ip_v6": "",
                "floating_ip": "",
                "mac": "fa:16:3e:72:0d:6b",
                "name": "control-provider",
                "port": "",
                "uuid": "f861a33e-1612-4e96-879d-a321c135cac8"
              }
            ],
            "network_mode": null,
            "personality": [],
            "power_state": "active",
            "region": "RegionOne",
            "scheduler_hints": [],
            "security_groups": [
              "cluster-c-allow-all"
            ],
            "stop_before_destroy": false,
            "tags": null,
            "timeouts": null,
            "updated": "2025-11-12 15:46:41 +0000 UTC",
            "user_data": null,
            "vendor_options": [],
            "volume": []
          },
          "sensitive_attributes": [
            [
              {
                "type": "get_attr",
                "value": "admin_pass"
              }
            ]
          ],
          "identity_schema_version": 0,
          "private": "eyJlMmJmYjczMC1lY2FhLTExZTYtOGY4OC0zNDM2M2JjN2M0YzAiOnsiY3JlYXRlIjoxODAwMDAwMDAwMDAwLCJkZWxldGUiOjE4MDAwMDAwMDAwMDAsInVwZGF0ZSI6MTgwMDAwMDAwMDAwMH19",
          "dependencies": [
            "openstack_networking_secgroup_v2.k8s_allow_all"
          ]
        },
        {
          "index_key": 1,
          "schema_version": 0,
          "attributes": {
            "access_ip_v4": "10.4.16.150",
            "access_ip_v6": "",
            "admin_pass": null,
            "all_metadata": {},
            "all_tags": [],
            "availability_zone": "yondu-zone",
            "availability_zone_hints": null,
            "block_device": [],
            "config_drive": null,
            "created": "2025-11-12 15:46:25 +0000 UTC",
            "flavor_id": "1608c43b-3dd7-4bd4-bb17-7e0c6e2b6a96",
            "flavor_name": "C2_R4_D30",
            "floating_ip": null,
            "force_delete": false,
            "id": "9b269e9d-095a-4c7d-9772-0d1829dc12da",
            "image_id": "fc00720e-6e2a-4d1f-bc11-d50b7271a17d",
            "image_name": "ubuntu22.04",
            "key_pair": "kubeone-keypair",
            "metadata": null,
            "name": "cluster-c-worker-2",
            "network": [
              {
                "access_network": false,
                "fixed_ip_v4": "10.4.16.150",
                "fixed_ip_v6": "",
                "floating_ip": "",
                "mac": "fa:16:3e:16:96:93",
                "name": "control-provider",
                "port": "",
                "uuid": "f861a33e-1612-4e96-879d-a321c135cac8"
              }
            ],
            "network_mode": null,
            "personality": [],
            "power_state": "active",
            "region": "RegionOne",
            "scheduler_hints": [],
            "security_groups": [
              "cluster-c-allow-all"
            ],
            "stop_before_destroy": false,
            "tags": null,
            "timeouts": null,
            "updated": "2025-11-12 15:46:39 +0000 UTC",
            "user_data": null,
            "vendor_options": [],
            "volume": []
          },
          "sensitive_attributes": [
            [
              {
                "type": "get_attr",
                "value": "admin_pass"
              }
            ]
          ],
          "identity_schema_version": 0,
          "private": "eyJlMmJmYjczMC1lY2FhLTExZTYtOGY4OC0zNDM2M2JjN2M0YzAiOnsiY3JlYXRlIjoxODAwMDAwMDAwMDAwLCJkZWxldGUiOjE4MDAwMDAwMDAwMDAsInVwZGF0ZSI6MTgwMDAwMDAwMDAwMH19",
          "dependencies": [
            "openstack_networking_secgroup_v2.k8s_allow_all"
          ]
        }
      ]
    },
    {
      "mode": "managed",
      "type": "openstack_networking_secgroup_rule_v2",
      "name": "allow_all_ingress_v4",
      "provider": "provider[\"registry.terraform.io/terraform-provider-openstack/openstack\"]",
      "instances": [
        {
          "schema_version": 0,
          "attributes": {
            "description": "",
            "direction": "ingress",
            "ethertype": "IPv4",
            "id": "750f8b6f-2bea-406b-8347-00a0c696c380",
            "port_range_max": 0,
            "port_range_min": 0,
            "protocol": "",
            "region": "RegionOne",
            "remote_group_id": "",
            "remote_ip_prefix": "0.0.0.0/0",
            "security_group_id": "4437d647-1d37-4134-bbd7-e50c510d2384",
            "tenant_id": "ff3d68b2864d4b8cb72ad021f507df0b",
            "timeouts": null
          },
          "sensitive_attributes": [],
          "identity_schema_version": 0,
          "private": "eyJlMmJmYjczMC1lY2FhLTExZTYtOGY4OC0zNDM2M2JjN2M0YzAiOnsiZGVsZXRlIjo2MDAwMDAwMDAwMDB9fQ==",
          "dependencies": [
            "openstack_networking_secgroup_v2.k8s_allow_all"
          ]
        }
      ]
    },
    {
      "mode": "managed",
      "type": "openstack_networking_secgroup_rule_v2",
      "name": "allow_all_ingress_v6",
      "provider": "provider[\"registry.terraform.io/terraform-provider-openstack/openstack\"]",
      "instances": [
        {
          "schema_version": 0,
          "attributes": {
            "description": "",
            "direction": "ingress",
            "ethertype": "IPv6",
            "id": "507f2a83-a32e-42bd-8cc4-f72559f3734f",
            "port_range_max": 0,
            "port_range_min": 0,
            "protocol": "",
            "region": "RegionOne",
            "remote_group_id": "",
            "remote_ip_prefix": "::/0",
            "security_group_id": "4437d647-1d37-4134-bbd7-e50c510d2384",
            "tenant_id": "ff3d68b2864d4b8cb72ad021f507df0b",
            "timeouts": null
          },
          "sensitive_attributes": [],
          "identity_schema_version": 0,
          "private": "eyJlMmJmYjczMC1lY2FhLTExZTYtOGY4OC0zNDM2M2JjN2M0YzAiOnsiZGVsZXRlIjo2MDAwMDAwMDAwMDB9fQ==",
          "dependencies": [
            "openstack_networking_secgroup_v2.k8s_allow_all"
          ]
        }
      ]
    },
    {
      "mode": "managed",
      "type": "openstack_networking_secgroup_v2",
      "name": "k8s_allow_all",
      "provider": "provider[\"registry.terraform.io/terraform-provider-openstack/openstack\"]",
      "instances": [
        {
          "schema_version": 0,
          "attributes": {
            "all_tags": [],
            "delete_default_rules": null,
            "description": "Security group (temporary): allow all traffic",
            "id": "4437d647-1d37-4134-bbd7-e50c510d2384",
            "name": "cluster-c-allow-all",
            "region": "RegionOne",
            "tags": null,
            "tenant_id": "ff3d68b2864d4b8cb72ad021f507df0b",
            "timeouts": null
          },
          "sensitive_attributes": [],
          "identity_schema_version": 0,
          "private": "eyJlMmJmYjczMC1lY2FhLTExZTYtOGY4OC0zNDM2M2JjN2M0YzAiOnsiZGVsZXRlIjo2MDAwMDAwMDAwMDB9fQ=="
        }
      ]
    }
  ],
  "check_results": null
}
